
Microsoft Visual Studio Solution File, Format Version 12.00
# Visual Studio Version 16
VisualStudioVersion = 16.0.33927.289
MinimumVisualStudioVersion = 10.0.40219.1
Project("{2150E333-8FDC-42A3-9474-1A3956D46DE8}") = "Task0", "Task0", "{6B9AFDBB-DD98-4138-99F9-8784D79FB068}"
EndProject
Project("{FAE04EC0-301F-11D3-BF4B-00C04F79EFBC}") = "Tyuiu.PaulikKV.Sprint0.Task0.V0", "Tyuiu.PaulikKV.Sprint0.Task0.V0\Tyuiu.PaulikKV.Sprint0.Task0.V0.csproj", "{2259C9A0-8188-4536-B6EF-986D29C5EE8B}"
EndProject
Global
	GlobalSection(SolutionConfigurationPlatforms) = preSolution
		Debug|Any CPU = Debug|Any CPU
		Release|Any CPU = Release|Any CPU
	EndGlobalSection
	GlobalSection(ProjectConfigurationPlatforms) = postSolution
		{2259C9A0-8188-4536-B6EF-986D29C5EE8B}.Debug|Any CPU.ActiveCfg = Debug|Any CPU
		{2259C9A0-8188-4536-B6EF-986D29C5EE8B}.Debug|Any CPU.Build.0 = Debug|Any CPU
		{2259C9A0-8188-4536-B6EF-986D29C5EE8B}.Release|Any CPU.ActiveCfg = Release|Any CPU
		{2259C9A0-8188-4536-B6EF-986D29C5EE8B}.Release|Any CPU.Build.0 = Release|Any CPU
	EndGlobalSection
	GlobalSection(SolutionProperties) = preSolution
		HideSolutionNode = FALSE
	EndGlobalSection
	GlobalSection(NestedProjects) = preSolution
		{2259C9A0-8188-4536-B6EF-986D29C5EE8B} = {6B9AFDBB-DD98-4138-99F9-8784D79FB068}
	EndGlobalSection
	GlobalSection(ExtensibilityGlobals) = postSolution
		SolutionGuid = {089A46B8-1479-40A1-94FF-C661AA4E08AD}
	EndGlobalSection
EndGlobal
